{
  "name": "trading-backtester-v1",
  "version": "1.0.0",
  "lockfileVersion": 3,
  "requires": true,
  "packages": {
    "": {
      "dependencies": {
        "@ccusage/codex": "^17.0.3"
      }
    },
    "node_modules/@ccusage/codex": {
      "version": "17.0.3",
      "resolved": "https://registry.npmjs.org/@ccusage/codex/-/codex-17.0.3.tgz",
      "integrity": "sha512-p176XUPEMs665HJlIDaSj16O5+V1qZ/LxwkXTDj/fK50h39m6Pt30DBLlEo8tnsu9Lx3CVxTU2DukXi9QHgWlw==",
      "license": "MIT",
      "bin": {
        "ccusage-codex": "dist/index.js"
      },
      "engines": {
        "node": ">=20.19.4"
      },
      "funding": {
        "url": "https://github.com/ryoppippi/ccusage?sponsor=1"
      }
    }
  }
}
